
Microsoft Visual Studio Solution File, Format Version 12.00
# Visual Studio Version 16
VisualStudioVersion = 16.0.28803.202
MinimumVisualStudioVersion = 10.0.40219.1
Project("{FAE04EC0-301F-11D3-BF4B-00C04F79EFBC}") = "People.Model", "People.Model\People.Model.csproj", "{D077B8CC-81A4-4529-83DA-D893674B6022}"
EndProject
Project("{FAE04EC0-301F-11D3-BF4B-00C04F79EFBC}") = "People.Repository", "People.Repository\People.Repository.csproj", "{5D047305-7260-4CA9-883D-11854E2DF47F}"
EndProject
Project("{FAE04EC0-301F-11D3-BF4B-00C04F79EFBC}") = "People.Context", "People.Context\People.Context.csproj", "{477FA730-F3AD-410E-A15B-CD30873CF0CA}"
EndProject
Project("{FAE04EC0-301F-11D3-BF4B-00C04F79EFBC}") = "People.UI", "People.UI\People.UI.csproj", "{B136244B-EA3F-46C3-A391-EB6B4A61F2E8}"
EndProject
Project("{FAE04EC0-301F-11D3-BF4B-00C04F79EFBC}") = "People.UI.Tests", "People.UI.Tests\People.UI.Tests.csproj", "{367CBF16-D71A-430D-8AD0-0DCC70C85C8E}"
EndProject
Global
	GlobalSection(SolutionConfigurationPlatforms) = preSolution
		Debug|Any CPU = Debug|Any CPU
		Release|Any CPU = Release|Any CPU
	EndGlobalSection
	GlobalSection(ProjectConfigurationPlatforms) = postSolution
		{D077B8CC-81A4-4529-83DA-D893674B6022}.Debug|Any CPU.ActiveCfg = Debug|Any CPU
		{D077B8CC-81A4-4529-83DA-D893674B6022}.Debug|Any CPU.Build.0 = Debug|Any CPU
		{D077B8CC-81A4-4529-83DA-D893674B6022}.Release|Any CPU.ActiveCfg = Release|Any CPU
		{D077B8CC-81A4-4529-83DA-D893674B6022}.Release|Any CPU.Build.0 = Release|Any CPU
		{5D047305-7260-4CA9-883D-11854E2DF47F}.Debug|Any CPU.ActiveCfg = Debug|Any CPU
		{5D047305-7260-4CA9-883D-11854E2DF47F}.Debug|Any CPU.Build.0 = Debug|Any CPU
		{5D047305-7260-4CA9-883D-11854E2DF47F}.Release|Any CPU.ActiveCfg = Release|Any CPU
		{5D047305-7260-4CA9-883D-11854E2DF47F}.Release|Any CPU.Build.0 = Release|Any CPU
		{477FA730-F3AD-410E-A15B-CD30873CF0CA}.Debug|Any CPU.ActiveCfg = Debug|Any CPU
		{477FA730-F3AD-410E-A15B-CD30873CF0CA}.Debug|Any CPU.Build.0 = Debug|Any CPU
		{477FA730-F3AD-410E-A15B-CD30873CF0CA}.Release|Any CPU.ActiveCfg = Release|Any CPU
		{477FA730-F3AD-410E-A15B-CD30873CF0CA}.Release|Any CPU.Build.0 = Release|Any CPU
		{B136244B-EA3F-46C3-A391-EB6B4A61F2E8}.Debug|Any CPU.ActiveCfg = Debug|Any CPU
		{B136244B-EA3F-46C3-A391-EB6B4A61F2E8}.Debug|Any CPU.Build.0 = Debug|Any CPU
		{B136244B-EA3F-46C3-A391-EB6B4A61F2E8}.Release|Any CPU.ActiveCfg = Release|Any CPU
		{B136244B-EA3F-46C3-A391-EB6B4A61F2E8}.Release|Any CPU.Build.0 = Release|Any CPU
		{367CBF16-D71A-430D-8AD0-0DCC70C85C8E}.Debug|Any CPU.ActiveCfg = Debug|Any CPU
		{367CBF16-D71A-430D-8AD0-0DCC70C85C8E}.Debug|Any CPU.Build.0 = Debug|Any CPU
		{367CBF16-D71A-430D-8AD0-0DCC70C85C8E}.Release|Any CPU.ActiveCfg = Release|Any CPU
		{367CBF16-D71A-430D-8AD0-0DCC70C85C8E}.Release|Any CPU.Build.0 = Release|Any CPU
	EndGlobalSection
	GlobalSection(SolutionProperties) = preSolution
		HideSolutionNode = FALSE
	EndGlobalSection
	GlobalSection(ExtensibilityGlobals) = postSolution
		SolutionGuid = {1071268B-A51F-405A-950E-E4B82AA36879}
	EndGlobalSection
EndGlobal
