
Microsoft Visual Studio Solution File, Format Version 12.00
# Visual Studio Version 16
VisualStudioVersion = 16.0.28803.202
MinimumVisualStudioVersion = 10.0.40219.1
Project("{FAE04EC0-301F-11D3-BF4B-00C04F79EFBC}") = "People", "People\People.csproj", "{4826ABEB-B198-4D6D-B9FE-5E18D1ADC5DB}"
EndProject
Project("{FAE04EC0-301F-11D3-BF4B-00C04F79EFBC}") = "People.Tests", "People.Tests\People.Tests.csproj", "{00CE58B0-34DE-45A4-856A-152560D376FF}"
EndProject
Project("{FAE04EC0-301F-11D3-BF4B-00C04F79EFBC}") = "People.Model", "People.Model\People.Model.csproj", "{D077B8CC-81A4-4529-83DA-D893674B6022}"
EndProject
Global
	GlobalSection(SolutionConfigurationPlatforms) = preSolution
		Debug|Any CPU = Debug|Any CPU
		Release|Any CPU = Release|Any CPU
	EndGlobalSection
	GlobalSection(ProjectConfigurationPlatforms) = postSolution
		{4826ABEB-B198-4D6D-B9FE-5E18D1ADC5DB}.Debug|Any CPU.ActiveCfg = Debug|Any CPU
		{4826ABEB-B198-4D6D-B9FE-5E18D1ADC5DB}.Debug|Any CPU.Build.0 = Debug|Any CPU
		{4826ABEB-B198-4D6D-B9FE-5E18D1ADC5DB}.Release|Any CPU.ActiveCfg = Release|Any CPU
		{4826ABEB-B198-4D6D-B9FE-5E18D1ADC5DB}.Release|Any CPU.Build.0 = Release|Any CPU
		{00CE58B0-34DE-45A4-856A-152560D376FF}.Debug|Any CPU.ActiveCfg = Debug|Any CPU
		{00CE58B0-34DE-45A4-856A-152560D376FF}.Debug|Any CPU.Build.0 = Debug|Any CPU
		{00CE58B0-34DE-45A4-856A-152560D376FF}.Release|Any CPU.ActiveCfg = Release|Any CPU
		{00CE58B0-34DE-45A4-856A-152560D376FF}.Release|Any CPU.Build.0 = Release|Any CPU
		{D077B8CC-81A4-4529-83DA-D893674B6022}.Debug|Any CPU.ActiveCfg = Debug|Any CPU
		{D077B8CC-81A4-4529-83DA-D893674B6022}.Debug|Any CPU.Build.0 = Debug|Any CPU
		{D077B8CC-81A4-4529-83DA-D893674B6022}.Release|Any CPU.ActiveCfg = Release|Any CPU
		{D077B8CC-81A4-4529-83DA-D893674B6022}.Release|Any CPU.Build.0 = Release|Any CPU
	EndGlobalSection
	GlobalSection(SolutionProperties) = preSolution
		HideSolutionNode = FALSE
	EndGlobalSection
	GlobalSection(ExtensibilityGlobals) = postSolution
		SolutionGuid = {1071268B-A51F-405A-950E-E4B82AA36879}
	EndGlobalSection
EndGlobal
